<?xml version="1.0" encoding="utf-8"?>
<Project ToolsVersion="4.0" xmlns="http://schemas.microsoft.com/developer/msbuild/2003">
  <ItemGroup>
    <Filter Include="來源檔案">
      <UniqueIdentifier>{4FC737F1-C7A5-4376-A066-2A32D752A2FF}</UniqueIdentifier>
      <Extensions>cpp;c;cc;cxx;c++;cppm;ixx;def;odl;idl;hpj;bat;asm;asmx</Extensions>
    </Filter>
    <Filter Include="標頭檔">
      <UniqueIdentifier>{93995380-89BD-4b04-88EB-625FBE52EBFB}</UniqueIdentifier>
      <Extensions>h;hh;hpp;hxx;h++;hm;inl;inc;ipp;xsd</Extensions>
    </Filter>
    <Filter Include="資源檔">
      <UniqueIdentifier>{67DA6AB6-F800-4c08-8B7A-83BB121AAD01}</UniqueIdentifier>
      <Extensions>rc;ico;cur;bmp;dlg;rc2;rct;bin;rgs;gif;jpg;jpeg;jpe;resx;tiff;tif;png;wav;mfcribbon-ms</Extensions>
    </Filter>
  </ItemGroup>
  <ItemGroup>
    <ClInclude Include="tb\compare_array_abs.h">
      <Filter>標頭檔</Filter>
    </ClInclude>
    <ClInclude Include="third_party\ac_types\ac_fixed.h">
      <Filter>標頭檔</Filter>
    </ClInclude>
    <ClInclude Include="data\trace\input_y_step0.h">
      <Filter>標頭檔</Filter>
    </ClInclude>
    <ClInclude Include="third_party\ac_types\ac_channel.h">
      <Filter>標頭檔</Filter>
    </ClInclude>
    <ClInclude Include="third_party\ac_types\ac_int.h">
      <Filter>標頭檔</Filter>
    </ClInclude>
    <ClInclude Include="data\trace\embed_plus_SPE_step0.h">
      <Filter>標頭檔</Filter>
    </ClInclude>
    <ClInclude Include="src\Layer0_QKVProj.h">
      <Filter>標頭檔</Filter>
    </ClInclude>
    <ClInclude Include="data\weights\weights.h">
      <Filter>標頭檔</Filter>
    </ClInclude>
    <ClInclude Include="data\trace\norm_mid_out_step0.h">
      <Filter>標頭檔</Filter>
    </ClInclude>
    <ClInclude Include="src\Layer0.h">
      <Filter>標頭檔</Filter>
    </ClInclude>
    <ClInclude Include="src\ExpApproxUtils.h">
      <Filter>標頭檔</Filter>
    </ClInclude>
    <ClInclude Include="src\LayerNormUtils.h">
      <Filter>標頭檔</Filter>
    </ClInclude>
    <ClInclude Include="data\trace\layer0_attn_K_step0.h">
      <Filter>標頭檔</Filter>
    </ClInclude>
    <ClInclude Include="data\trace\layer0_attn_Q_step0.h">
      <Filter>標頭檔</Filter>
    </ClInclude>
    <ClInclude Include="data\trace\layer0_attn_V_step0.h">
      <Filter>標頭檔</Filter>
    </ClInclude>
    <ClInclude Include="data\trace\embed_node_embed_step0.h">
      <Filter>標頭檔</Filter>
    </ClInclude>
    <ClInclude Include="data\trace\layer0_attn_post_concat_step0.h">
      <Filter>標頭檔</Filter>
    </ClInclude>
    <ClInclude Include="include\AecctUtil.h">
      <Filter>標頭檔</Filter>
    </ClInclude>
    <ClInclude Include="include\AecctProtocol.h">
      <Filter>標頭檔</Filter>
    </ClInclude>
    <ClInclude Include="include\AecctTypes.h">
      <Filter>標頭檔</Filter>
    </ClInclude>
    <ClInclude Include="include\AttnDescBringup.h">
      <Filter>標頭檔</Filter>
    </ClInclude>
    <ClInclude Include="include\FfnDescBringup.h">
      <Filter>標頭檔</Filter>
    </ClInclude>
    <ClInclude Include="include\LayerParamBringup.h">
      <Filter>標頭檔</Filter>
    </ClInclude>
    <ClInclude Include="include\LayerScratchDesc.h">
      <Filter>標頭檔</Filter>
    </ClInclude>
    <ClInclude Include="include\ModelDesc.h">
      <Filter>標頭檔</Filter>
    </ClInclude>
    <ClInclude Include="include\LayerNormDesc.h">
      <Filter>標頭檔</Filter>
    </ClInclude>
    <ClInclude Include="include\ModelShapes.h">
      <Filter>標頭檔</Filter>
    </ClInclude>
    <ClInclude Include="include\PreprocDescBringup.h">
      <Filter>標頭檔</Filter>
    </ClInclude>
    <ClInclude Include="include\SoftmaxApprox.h">
      <Filter>標頭檔</Filter>
    </ClInclude>
    <ClInclude Include="include\SoftmaxApproxLutData.h">
      <Filter>標頭檔</Filter>
    </ClInclude>
    <ClInclude Include="include\SramMap.h">
      <Filter>標頭檔</Filter>
    </ClInclude>
    <ClInclude Include="include\weights_streamer.h">
      <Filter>標頭檔</Filter>
    </ClInclude>
    <ClInclude Include="include\WeightStreamOrder.h">
      <Filter>標頭檔</Filter>
    </ClInclude>
    <ClInclude Include="src\Top.h">
      <Filter>標頭檔</Filter>
    </ClInclude>
    <ClInclude Include="src\blocks\PreprocEmbedSPE.h">
      <Filter>標頭檔</Filter>
    </ClInclude>
    <ClInclude Include="src\blocks\LayerNormBlock.h">
      <Filter>標頭檔</Filter>
    </ClInclude>
    <ClInclude Include="src\blocks\AttnLayer0.h">
      <Filter>標頭檔</Filter>
    </ClInclude>
    <ClInclude Include="src\blocks\FFNLayer0.h">
      <Filter>標頭檔</Filter>
    </ClInclude>
    <ClInclude Include="src\blocks\FinalHead.h">
      <Filter>標頭檔</Filter>
    </ClInclude>
    <ClInclude Include="src\blocks\TransformerLayer.h">
      <Filter>標頭檔</Filter>
    </ClInclude>
  </ItemGroup>
  <ItemGroup>
    <ClCompile Include="tb\tb_attn_m9a_qkv.cpp">
      <Filter>來源檔案</Filter>
    </ClCompile>
    <ClCompile Include="tb\tb_attn_m9b_scores.cpp">
      <Filter>來源檔案</Filter>
    </ClCompile>
    <ClCompile Include="tb\tb_attn_m9c_out.cpp">
      <Filter>來源檔案</Filter>
    </ClCompile>
    <ClCompile Include="tb\tb_top_m9.cpp">
      <Filter>來源檔案</Filter>
    </ClCompile>
    <ClCompile Include="tb\tb_ffn_m10a_w1.cpp">
      <Filter>來源檔案</Filter>
    </ClCompile>
    <ClCompile Include="tb\tb_ffn_m10b_relu.cpp">
      <Filter>來源檔案</Filter>
    </ClCompile>
    <ClCompile Include="tb\tb_ffn_m10c_w2.cpp">
      <Filter>來源檔案</Filter>
    </ClCompile>
    <ClCompile Include="tb\tb_ffn_m10d_norm.cpp">
      <Filter>來源檔案</Filter>
    </ClCompile>
    <ClCompile Include="tb\tb_layerloop_m11.cpp">
      <Filter>來源檔案</Filter>
    </ClCompile>
    <ClCompile Include="tb\tb_mid_end_ln_m12.cpp">
      <Filter>來源檔案</Filter>
    </ClCompile>
    <ClCompile Include="tb\tb_top_end2end_m13.cpp">
      <Filter>來源檔案</Filter>
    </ClCompile>
    <ClCompile Include="tb\tb_regress_m14.cpp">
      <Filter>來源檔案</Filter>
    </ClCompile>
  </ItemGroup>
</Project>
